
Microsoft Visual Studio Solution File, Format Version 12.00
# Visual Studio Version 17
VisualStudioVersion = 17.7.34202.233
MinimumVisualStudioVersion = 10.0.40219.1
Project("{F184B08F-C81C-45F6-A57F-5ABD9991F28F}") = "AreaRectangle", "AreaRectangle\AreaRectangle.vbproj", "{31F6CBDB-DDF3-4CC2-B2C2-CC955069CB8F}"
EndProject
Global
	GlobalSection(SolutionConfigurationPlatforms) = preSolution
		Debug|Any CPU = Debug|Any CPU
		Release|Any CPU = Release|Any CPU
	EndGlobalSection
	GlobalSection(ProjectConfigurationPlatforms) = postSolution
		{31F6CBDB-DDF3-4CC2-B2C2-CC955069CB8F}.Debug|Any CPU.ActiveCfg = Debug|Any CPU
		{31F6CBDB-DDF3-4CC2-B2C2-CC955069CB8F}.Debug|Any CPU.Build.0 = Debug|Any CPU
		{31F6CBDB-DDF3-4CC2-B2C2-CC955069CB8F}.Release|Any CPU.ActiveCfg = Release|Any CPU
		{31F6CBDB-DDF3-4CC2-B2C2-CC955069CB8F}.Release|Any CPU.Build.0 = Release|Any CPU
	EndGlobalSection
	GlobalSection(SolutionProperties) = preSolution
		HideSolutionNode = FALSE
	EndGlobalSection
	GlobalSection(ExtensibilityGlobals) = postSolution
		SolutionGuid = {B9EFDD35-C7F2-4D91-A6B2-CD1CBCD72395}
	EndGlobalSection
EndGlobal
